// !$*UTF8*$!
{
	archiveVersion = 1;
	classes = {
	};
	objectVersion = 50;
	objects = {

/* Begin PBXBuildFile section */
		FB329AA1296C1C82000F2D9D /* AppDelegate.swift in Sources */ = {isa = PBXBuildFile; fileRef = FB329AA0296C1C82000F2D9D /* AppDelegate.swift */; };
		FB329AA3296C1C82000F2D9D /* SceneDelegate.swift in Sources */ = {isa = PBXBuildFile; fileRef = FB329AA2296C1C82000F2D9D /* SceneDelegate.swift */; };
		FB329AA5296C1C82000F2D9D /* ViewController.swift in Sources */ = {isa = PBXBuildFile; fileRef = FB329AA4296C1C82000F2D9D /* ViewController.swift */; };
		FB329AA8296C1C82000F2D9D /* Main.storyboard in Resources */ = {isa = PBXBuildFile; fileRef = FB329AA6296C1C82000F2D9D /* Main.storyboard */; };
		FB329AAA296C1C83000F2D9D /* Assets.xcassets in Resources */ = {isa = PBXBuildFile; fileRef = FB329AA9296C1C83000F2D9D /* Assets.xcassets */; };
		FB329AAD296C1C83000F2D9D /* LaunchScreen.storyboard in Resources */ = {isa = PBXBuildFile; fileRef = FB329AAB296C1C83000F2D9D /* LaunchScreen.storyboard */; };
		FB329AB5296C1E68000F2D9D /* MenuCell.swift in Sources */ = {isa = PBXBuildFile; fileRef = FB329AB4296C1E68000F2D9D /* MenuCell.swift */; };
		FB329AB7296C1F77000F2D9D /* menu.swift in Sources */ = {isa = PBXBuildFile; fileRef = FB329AB6296C1F77000F2D9D /* menu.swift */; };
		FB329AB9296C5197000F2D9D /* BusketViewController.swift in Sources */ = {isa = PBXBuildFile; fileRef = FB329AB8296C5197000F2D9D /* BusketViewController.swift */; };
		FB329ABB296C56B3000F2D9D /* busketCell.swift in Sources */ = {isa = PBXBuildFile; fileRef = FB329ABA296C56B3000F2D9D /* busketCell.swift */; };
		FB329B61297809A8000F2D9D /* pizza.swift in Sources */ = {isa = PBXBuildFile; fileRef = FB329B60297809A8000F2D9D /* pizza.swift */; };
		FB329B6329781BE7000F2D9D /* ViewController2.swift in Sources */ = {isa = PBXBuildFile; fileRef = FB329B6229781BE7000F2D9D /* ViewController2.swift */; };
/* End PBXBuildFile section */

/* Begin PBXFileReference section */
		FB329A9D296C1C82000F2D9D /* kf.app */ = {isa = PBXFileReference; explicitFileType = wrapper.application; includeInIndex = 0; path = kf.app; sourceTree = BUILT_PRODUCTS_DIR; };
		FB329AA0296C1C82000F2D9D /* AppDelegate.swift */ = {isa = PBXFileReference; lastKnownFileType = sourcecode.swift; path = AppDelegate.swift; sourceTree = "<group>"; };
		FB329AA2296C1C82000F2D9D /* SceneDelegate.swift */ = {isa = PBXFileReference; lastKnownFileType = sourcecode.swift; path = SceneDelegate.swift; sourceTree = "<group>"; };
		FB329AA4296C1C82000F2D9D /* ViewController.swift */ = {isa = PBXFileReference; lastKnownFileType = sourcecode.swift; path = ViewController.swift; sourceTree = "<group>"; };
		FB329AA7296C1C82000F2D9D /* Base */ = {isa = PBXFileReference; lastKnownFileType = file.storyboard; name = Base; path = Base.lproj/Main.storyboard; sourceTree = "<group>"; };
		FB329AA9296C1C83000F2D9D /* Assets.xcassets */ = {isa = PBXFileReference; lastKnownFileType = folder.assetcatalog; path = Assets.xcassets; sourceTree = "<group>"; };
		FB329AAC296C1C83000F2D9D /* Base */ = {isa = PBXFileReference; lastKnownFileType = file.storyboard; name = Base; path = Base.lproj/LaunchScreen.storyboard; sourceTree = "<group>"; };
		FB329AAE296C1C83000F2D9D /* Info.plist */ = {isa = PBXFileReference; lastKnownFileType = text.plist.xml; path = Info.plist; sourceTree = "<group>"; };
		FB329AB4296C1E68000F2D9D /* MenuCell.swift */ = {isa = PBXFileReference; lastKnownFileType = sourcecode.swift; path = MenuCell.swift; sourceTree = "<group>"; };
		FB329AB6296C1F77000F2D9D /* menu.swift */ = {isa = PBXFileReference; lastKnownFileType = sourcecode.swift; path = menu.swift; sourceTree = "<group>"; };
		FB329AB8296C5197000F2D9D /* BusketViewController.swift */ = {isa = PBXFileReference; lastKnownFileType = sourcecode.swift; path = BusketViewController.swift; sourceTree = "<group>"; };
		FB329ABA296C56B3000F2D9D /* busketCell.swift */ = {isa = PBXFileReference; lastKnownFileType = sourcecode.swift; path = busketCell.swift; sourceTree = "<group>"; };
		FB329B60297809A8000F2D9D /* pizza.swift */ = {isa = PBXFileReference; lastKnownFileType = sourcecode.swift; path = pizza.swift; sourceTree = "<group>"; };
		FB329B6229781BE7000F2D9D /* ViewController2.swift */ = {isa = PBXFileReference; lastKnownFileType = sourcecode.swift; path = ViewController2.swift; sourceTree = "<group>"; };
/* End PBXFileReference section */

/* Begin PBXFrameworksBuildPhase section */
		FB329A9A296C1C82000F2D9D /* Frameworks */ = {
			isa = PBXFrameworksBuildPhase;
			buildActionMask = 2147483647;
			files = (
			);
			runOnlyForDeploymentPostprocessing = 0;
		};
/* End PBXFrameworksBuildPhase section */

/* Begin PBXGroup section */
		FB329A94296C1C82000F2D9D = {
			isa = PBXGroup;
			children = (
				FB329A9F296C1C82000F2D9D /* kf */,
				FB329A9E296C1C82000F2D9D /* Products */,
			);
			sourceTree = "<group>";
		};
		FB329A9E296C1C82000F2D9D /* Products */ = {
			isa = PBXGroup;
			children = (
				FB329A9D296C1C82000F2D9D /* kf.app */,
			);
			name = Products;
			sourceTree = "<group>";
		};
		FB329A9F296C1C82000F2D9D /* kf */ = {
			isa = PBXGroup;
			children = (
				FB329AA0296C1C82000F2D9D /* AppDelegate.swift */,
				FB329B6229781BE7000F2D9D /* ViewController2.swift */,
				FB329AA2296C1C82000F2D9D /* SceneDelegate.swift */,
				FB329AA4296C1C82000F2D9D /* ViewController.swift */,
				FB329AA6296C1C82000F2D9D /* Main.storyboard */,
				FB329AA9296C1C83000F2D9D /* Assets.xcassets */,
				FB329AAB296C1C83000F2D9D /* LaunchScreen.storyboard */,
				FB329AAE296C1C83000F2D9D /* Info.plist */,
				FB329AB4296C1E68000F2D9D /* MenuCell.swift */,
				FB329AB6296C1F77000F2D9D /* menu.swift */,
				FB329AB8296C5197000F2D9D /* BusketViewController.swift */,
				FB329ABA296C56B3000F2D9D /* busketCell.swift */,
				FB329B60297809A8000F2D9D /* pizza.swift */,
			);
			path = kf;
			sourceTree = "<group>";
		};
/* End PBXGroup section */

/* Begin PBXNativeTarget section */
		FB329A9C296C1C82000F2D9D /* kf */ = {
			isa = PBXNativeTarget;
			buildConfigurationList = FB329AB1296C1C83000F2D9D /* Build configuration list for PBXNativeTarget "kf" */;
			buildPhases = (
				FB329A99296C1C82000F2D9D /* Sources */,
				FB329A9A296C1C82000F2D9D /* Frameworks */,
				FB329A9B296C1C82000F2D9D /* Resources */,
			);
			buildRules = (
			);
			dependencies = (
			);
			name = kf;
			productName = kf;
			productReference = FB329A9D296C1C82000F2D9D /* kf.app */;
			productType = "com.apple.product-type.application";
		};
/* End PBXNativeTarget section */

/* Begin PBXProject section */
		FB329A95296C1C82000F2D9D /* Project object */ = {
			isa = PBXProject;
			attributes = {
				LastSwiftUpdateCheck = 1250;
				LastUpgradeCheck = 1250;
				TargetAttributes = {
					FB329A9C296C1C82000F2D9D = {
						CreatedOnToolsVersion = 12.5.1;
					};
				};
			};
			buildConfigurationList = FB329A98296C1C82000F2D9D /* Build configuration list for PBXProject "kf" */;
			compatibilityVersion = "Xcode 9.3";
			developmentRegion = en;
			hasScannedForEncodings = 0;
			knownRegions = (
				en,
				Base,
			);
			mainGroup = FB329A94296C1C82000F2D9D;
			productRefGroup = FB329A9E296C1C82000F2D9D /* Products */;
			projectDirPath = "";
			projectRoot = "";
			targets = (
				FB329A9C296C1C82000F2D9D /* kf */,
			);
		};
/* End PBXProject section */

/* Begin PBXResourcesBuildPhase section */
		FB329A9B296C1C82000F2D9D /* Resources */ = {
			isa = PBXResourcesBuildPhase;
			buildActionMask = 2147483647;
			files = (
				FB329AAD296C1C83000F2D9D /* LaunchScreen.storyboard in Resources */,
				FB329AAA296C1C83000F2D9D /* Assets.xcassets in Resources */,
				FB329AA8296C1C82000F2D9D /* Main.storyboard in Resources */,
			);
			runOnlyForDeploymentPostprocessing = 0;
		};
/* End PBXResourcesBuildPhase section */

/* Begin PBXSourcesBuildPhase section */
		FB329A99296C1C82000F2D9D /* Sources */ = {
			isa = PBXSourcesBuildPhase;
			buildActionMask = 2147483647;
			files = (
				FB329ABB296C56B3000F2D9D /* busketCell.swift in Sources */,
				FB329AB7296C1F77000F2D9D /* menu.swift in Sources */,
				FB329B6329781BE7000F2D9D /* ViewController2.swift in Sources */,
				FB329AA5296C1C82000F2D9D /* ViewController.swift in Sources */,
				FB329AB9296C5197000F2D9D /* BusketViewController.swift in Sources */,
				FB329B61297809A8000F2D9D /* pizza.swift in Sources */,
				FB329AA1296C1C82000F2D9D /* AppDelegate.swift in Sources */,
				FB329AB5296C1E68000F2D9D /* MenuCell.swift in Sources */,
				FB329AA3296C1C82000F2D9D /* SceneDelegate.swift in Sources */,
			);
			runOnlyForDeploymentPostprocessing = 0;
		};
/* End PBXSourcesBuildPhase section */

/* Begin PBXVariantGroup section */
		FB329AA6296C1C82000F2D9D /* Main.storyboard */ = {
			isa = PBXVariantGroup;
			children = (
				FB329AA7296C1C82000F2D9D /* Base */,
			);
			name = Main.storyboard;
			sourceTree = "<group>";
		};
		FB329AAB296C1C83000F2D9D /* LaunchScreen.storyboard */ = {
			isa = PBXVariantGroup;
			children = (
				FB329AAC296C1C83000F2D9D /* Base */,
			);
			name = LaunchScreen.storyboard;
			sourceTree = "<group>";
		};
/* End PBXVariantGroup section */

/* Begin XCBuildConfiguration section */
		FB329AAF296C1C83000F2D9D /* Debug */ = {
			isa = XCBuildConfiguration;
			buildSettings = {
				ALWAYS_SEARCH_USER_PATHS = NO;
				CLANG_ANALYZER_NONNULL = YES;
				CLANG_ANALYZER_NUMBER_OBJECT_CONVERSION = YES_AGGRESSIVE;
				CLANG_CXX_LANGUAGE_STANDARD = "gnu++14";
				CLANG_CXX_LIBRARY = "libc++";
				CLANG_ENABLE_MODULES = YES;
				CLANG_ENABLE_OBJC_ARC = YES;
				CLANG_ENABLE_OBJC_WEAK = YES;
				CLANG_WARN_BLOCK_CAPTURE_AUTORELEASING = YES;
				CLANG_WARN_BOOL_CONVERSION = YES;
				CLANG_WARN_COMMA = YES;
				CLANG_WARN_CONSTANT_CONVERSION = YES;
				CLANG_WARN_DEPRECATED_OBJC_IMPLEMENTATIONS = YES;
				CLANG_WARN_DIRECT_OBJC_ISA_USAGE = YES_ERROR;
				CLANG_WARN_DOCUMENTATION_COMMENTS = YES;
				CLANG_WARN_EMPTY_BODY = YES;
				CLANG_WARN_ENUM_CONVERSION = YES;
				CLANG_WARN_INFINITE_RECURSION = YES;
				CLANG_WARN_INT_CONVERSION = YES;
				CLANG_WARN_NON_LITERAL_NULL_CONVERSION = YES;
				CLANG_WARN_OBJC_IMPLICIT_RETAIN_SELF = YES;
				CLANG_WARN_OBJC_LITERAL_CONVERSION = YES;
				CLANG_WARN_OBJC_ROOT_CLASS = YES_ERROR;
				CLANG_WARN_QUOTED_INCLUDE_IN_FRAMEWORK_HEADER = YES;
				CLANG_WARN_RANGE_LOOP_ANALYSIS = YES;
				CLANG_WARN_STRICT_PROTOTYPES = YES;
				CLANG_WARN_SUSPICIOUS_MOVE = YES;
				CLANG_WARN_UNGUARDED_AVAILABILITY = YES_AGGRESSIVE;
				CLANG_WARN_UNREACHABLE_CODE = YES;
				CLANG_WARN__DUPLICATE_METHOD_MATCH = YES;
				COPY_PHASE_STRIP = NO;
				DEBUG_INFORMATION_FORMAT = dwarf;
				ENABLE_STRICT_OBJC_MSGSEND = YES;
				ENABLE_TESTABILITY = YES;
				GCC_C_LANGUAGE_STANDARD = gnu11;
				GCC_DYNAMIC_NO_PIC = NO;
				GCC_NO_COMMON_BLOCKS = YES;
				GCC_OPTIMIZATION_LEVEL = 0;
				GCC_PREPROCESSOR_DEFINITIONS = (
					"DEBUG=1",
					"$(inherited)",
				);
				GCC_WARN_64_TO_32_BIT_CONVERSION = YES;
				GCC_WARN_ABOUT_RETURN_TYPE = YES_ERROR;
				GCC_WARN_UNDECLARED_SELECTOR = YES;
				GCC_WARN_UNINITIALIZED_AUTOS = YES_AGGRESSIVE;
				GCC_WARN_UNUSED_FUNCTION = YES;
				GCC_WARN_UNUSED_VARIABLE = YES;
				IPHONEOS_DEPLOYMENT_TARGET = 14.5;
				MTL_ENABLE_DEBUG_INFO = INCLUDE_SOURCE;
				MTL_FAST_MATH = YES;
				ONLY_ACTIVE_ARCH = YES;
				SDKROOT = iphoneos;
				SWIFT_ACTIVE_COMPILATION_CONDITIONS = DEBUG;
				SWIFT_OPTIMIZATION_LEVEL = "-Onone";
			};
			name = Debug;
		};
		FB329AB0296C1C83000F2D9D /* Release */ = {
			isa = XCBuildConfiguration;
			buildSettings = {
				ALWAYS_SEARCH_USER_PATHS = NO;
				CLANG_ANALYZER_NONNULL = YES;
				CLANG_ANALYZER_NUMBER_OBJECT_CONVERSION = YES_AGGRESSIVE;
				CLANG_CXX_LANGUAGE_STANDARD = "gnu++14";
				CLANG_CXX_LIBRARY = "libc++";
				CLANG_ENABLE_MODULES = YES;
				CLANG_ENABLE_OBJC_ARC = YES;
				CLANG_ENABLE_OBJC_WEAK = YES;
				CLANG_WARN_BLOCK_CAPTURE_AUTORELEASING = YES;
				CLANG_WARN_BOOL_CONVERSION = YES;
				CLANG_WARN_COMMA = YES;
				CLANG_WARN_CONSTANT_CONVERSION = YES;
				CLANG_WARN_DEPRECATED_OBJC_IMPLEMENTATIONS = YES;
				CLANG_WARN_DIRECT_OBJC_ISA_USAGE = YES_ERROR;
				CLANG_WARN_DOCUMENTATION_COMMENTS = YES;
				CLANG_WARN_EMPTY_BODY = YES;
				CLANG_WARN_ENUM_CONVERSION = YES;
				CLANG_WARN_INFINITE_RECURSION = YES;
				CLANG_WARN_INT_CONVERSION = YES;
				CLANG_WARN_NON_LITERAL_NULL_CONVERSION = YES;
				CLANG_WARN_OBJC_IMPLICIT_RETAIN_SELF = YES;
				CLANG_WARN_OBJC_LITERAL_CONVERSION = YES;
				CLANG_WARN_OBJC_ROOT_CLASS = YES_ERROR;
				CLANG_WARN_QUOTED_INCLUDE_IN_FRAMEWORK_HEADER = YES;
				CLANG_WARN_RANGE_LOOP_ANALYSIS = YES;
				CLANG_WARN_STRICT_PROTOTYPES = YES;
				CLANG_WARN_SUSPICIOUS_MOVE = YES;
				CLANG_WARN_UNGUARDED_AVAILABILITY = YES_AGGRESSIVE;
				CLANG_WARN_UNREACHABLE_CODE = YES;
				CLANG_WARN__DUPLICATE_METHOD_MATCH = YES;
				COPY_PHASE_STRIP = NO;
				DEBUG_INFORMATION_FORMAT = "dwarf-with-dsym";
				ENABLE_NS_ASSERTIONS = NO;
				ENABLE_STRICT_OBJC_MSGSEND = YES;
				GCC_C_LANGUAGE_STANDARD = gnu11;
				GCC_NO_COMMON_BLOCKS = YES;
				GCC_WARN_64_TO_32_BIT_CONVERSION = YES;
				GCC_WARN_ABOUT_RETURN_TYPE = YES_ERROR;
				GCC_WARN_UNDECLARED_SELECTOR = YES;
				GCC_WARN_UNINITIALIZED_AUTOS = YES_AGGRESSIVE;
				GCC_WARN_UNUSED_FUNCTION = YES;
				GCC_WARN_UNUSED_VARIABLE = YES;
				IPHONEOS_DEPLOYMENT_TARGET = 14.5;
				MTL_ENABLE_DEBUG_INFO = NO;
				MTL_FAST_MATH = YES;
				SDKROOT = iphoneos;
				SWIFT_COMPILATION_MODE = wholemodule;
				SWIFT_OPTIMIZATION_LEVEL = "-O";
				VALIDATE_PRODUCT = YES;
			};
			name = Release;
		};
		FB329AB2296C1C83000F2D9D /* Debug */ = {
			isa = XCBuildConfiguration;
			buildSettings = {
				ASSETCATALOG_COMPILER_APPICON_NAME = AppIcon;
				ASSETCATALOG_COMPILER_GLOBAL_ACCENT_COLOR_NAME = AccentColor;
				CODE_SIGN_STYLE = Automatic;
				INFOPLIST_FILE = kf/Info.plist;
				LD_RUNPATH_SEARCH_PATHS = (
					"$(inherited)",
					"@executable_path/Frameworks",
				);
				PRODUCT_BUNDLE_IDENTIFIER = bembi.kf;
				PRODUCT_NAME = "$(TARGET_NAME)";
				SWIFT_VERSION = 5.0;
				TARGETED_DEVICE_FAMILY = "1,2";
			};
			name = Debug;
		};
		FB329AB3296C1C83000F2D9D /* Release */ = {
			isa = XCBuildConfiguration;
			buildSettings = {
				ASSETCATALOG_COMPILER_APPICON_NAME = AppIcon;
				ASSETCATALOG_COMPILER_GLOBAL_ACCENT_COLOR_NAME = AccentColor;
				CODE_SIGN_STYLE = Automatic;
				INFOPLIST_FILE = kf/Info.plist;
				LD_RUNPATH_SEARCH_PATHS = (
					"$(inherited)",
					"@executable_path/Frameworks",
				);
				PRODUCT_BUNDLE_IDENTIFIER = bembi.kf;
				PRODUCT_NAME = "$(TARGET_NAME)";
				SWIFT_VERSION = 5.0;
				TARGETED_DEVICE_FAMILY = "1,2";
			};
			name = Release;
		};
/* End XCBuildConfiguration section */

/* Begin XCConfigurationList section */
		FB329A98296C1C82000F2D9D /* Build configuration list for PBXProject "kf" */ = {
			isa = XCConfigurationList;
			buildConfigurations = (
				FB329AAF296C1C83000F2D9D /* Debug */,
				FB329AB0296C1C83000F2D9D /* Release */,
			);
			defaultConfigurationIsVisible = 0;
			defaultConfigurationName = Release;
		};
		FB329AB1296C1C83000F2D9D /* Build configuration list for PBXNativeTarget "kf" */ = {
			isa = XCConfigurationList;
			buildConfigurations = (
				FB329AB2296C1C83000F2D9D /* Debug */,
				FB329AB3296C1C83000F2D9D /* Release */,
			);
			defaultConfigurationIsVisible = 0;
			defaultConfigurationName = Release;
		};
/* End XCConfigurationList section */
	};
	rootObject = FB329A95296C1C82000F2D9D /* Project object */;
}
